
Microsoft Visual Studio Solution File, Format Version 12.00
# Visual Studio Version 17
VisualStudioVersion = 17.0.32014.148
MinimumVisualStudioVersion = 10.0.40219.1
Project("{FAE04EC0-301F-11D3-BF4B-00C04F79EFBC}") = "Coin Toss", "Coin Toss\Coin Toss.csproj", "{ED3C37D0-B87C-4554-B32D-C9C8140310C7}"
EndProject
Global
	GlobalSection(SolutionConfigurationPlatforms) = preSolution
		Debug|Any CPU = Debug|Any CPU
		Release|Any CPU = Release|Any CPU
	EndGlobalSection
	GlobalSection(ProjectConfigurationPlatforms) = postSolution
		{ED3C37D0-B87C-4554-B32D-C9C8140310C7}.Debug|Any CPU.ActiveCfg = Debug|Any CPU
		{ED3C37D0-B87C-4554-B32D-C9C8140310C7}.Debug|Any CPU.Build.0 = Debug|Any CPU
		{ED3C37D0-B87C-4554-B32D-C9C8140310C7}.Release|Any CPU.ActiveCfg = Release|Any CPU
		{ED3C37D0-B87C-4554-B32D-C9C8140310C7}.Release|Any CPU.Build.0 = Release|Any CPU
	EndGlobalSection
	GlobalSection(SolutionProperties) = preSolution
		HideSolutionNode = FALSE
	EndGlobalSection
	GlobalSection(ExtensibilityGlobals) = postSolution
		SolutionGuid = {56073647-D258-42D8-9D29-B5652C2AB3B4}
	EndGlobalSection
EndGlobal
